
Microsoft Visual Studio Solution File, Format Version 12.00
Project("{FAE04EC0-301F-11D3-BF4B-00C04F79EFBC}") = "BusinessLogic", "BusinessLogic\BusinessLogic.csproj", "{2DAD76EA-580E-4F77-BE4B-50EAFA029229}"
EndProject
Project("{FAE04EC0-301F-11D3-BF4B-00C04F79EFBC}") = "DataAccess", "DataAccess\DataAccess.csproj", "{7E30EF42-239F-4069-9EDC-56722F24DA37}"
EndProject
Project("{FAE04EC0-301F-11D3-BF4B-00C04F79EFBC}") = "Presentation", "Presentation\Presentation.csproj", "{824602F2-A8F2-4F2C-B0C2-B4AE397944D2}"
EndProject
Global
	GlobalSection(SolutionConfigurationPlatforms) = preSolution
		Debug|Any CPU = Debug|Any CPU
		Release|Any CPU = Release|Any CPU
	EndGlobalSection
	GlobalSection(ProjectConfigurationPlatforms) = postSolution
		{2DAD76EA-580E-4F77-BE4B-50EAFA029229}.Debug|Any CPU.ActiveCfg = Debug|Any CPU
		{2DAD76EA-580E-4F77-BE4B-50EAFA029229}.Debug|Any CPU.Build.0 = Debug|Any CPU
		{2DAD76EA-580E-4F77-BE4B-50EAFA029229}.Release|Any CPU.ActiveCfg = Release|Any CPU
		{2DAD76EA-580E-4F77-BE4B-50EAFA029229}.Release|Any CPU.Build.0 = Release|Any CPU
		{7E30EF42-239F-4069-9EDC-56722F24DA37}.Debug|Any CPU.ActiveCfg = Debug|Any CPU
		{7E30EF42-239F-4069-9EDC-56722F24DA37}.Debug|Any CPU.Build.0 = Debug|Any CPU
		{7E30EF42-239F-4069-9EDC-56722F24DA37}.Release|Any CPU.ActiveCfg = Release|Any CPU
		{7E30EF42-239F-4069-9EDC-56722F24DA37}.Release|Any CPU.Build.0 = Release|Any CPU
		{824602F2-A8F2-4F2C-B0C2-B4AE397944D2}.Debug|Any CPU.ActiveCfg = Debug|Any CPU
		{824602F2-A8F2-4F2C-B0C2-B4AE397944D2}.Debug|Any CPU.Build.0 = Debug|Any CPU
		{824602F2-A8F2-4F2C-B0C2-B4AE397944D2}.Release|Any CPU.ActiveCfg = Release|Any CPU
		{824602F2-A8F2-4F2C-B0C2-B4AE397944D2}.Release|Any CPU.Build.0 = Release|Any CPU
	EndGlobalSection
EndGlobal
